name: UQCF-GEM saturated fingerprint lock and unlocked reserve
on:
  push:
    branches: [research/uqcf-overlapping-guard-exchange]
    paths:
      - 'ResearchHistory/UQCF-GEM/research/physical-bridge/fingerprint_lock/producer.py'
      - 'ResearchHistory/UQCF-GEM/research/physical-bridge/fingerprint_lock/independent.py'
      - 'ResearchHistory/UQCF-GEM/research/physical-bridge/fingerprint_lock/test_fingerprint.py'
      - '.github/scripts/c3_fingerprint_lock_review.py'
      - '.github/workflows/uqcf-gem-c3-fingerprint-lock.yml'
  workflow_dispatch:
permissions:
  contents: read
jobs:
  verification:
    runs-on: ubuntu-latest
    timeout-minutes: 45
    steps:
      - uses: actions/checkout@v4
        with:
          path: research_snapshot
          persist-credentials: false
          sparse-checkout: ResearchHistory/UQCF-GEM/research/physical-bridge
      - name: Exact saturated fingerprint and unlocked reserve verification
        shell: bash
        run: |
          set -euo pipefail
          test "$(git -C research_snapshot rev-parse HEAD)" = "$GITHUB_SHA"
          ROOT=research_snapshot/ResearchHistory/UQCF-GEM/research/physical-bridge
          mkdir fingerprint_verification
          python3 -m unittest discover -s "$ROOT/fingerprint_lock" -p test_fingerprint.py -v 2>&1 | tee fingerprint_verification/contracts.log
          python3 "$ROOT/fingerprint_lock/producer.py" fingerprint_verification/certificate.json | tee fingerprint_verification/counts.json
          python3 "$ROOT/fingerprint_lock/independent.py" fingerprint_verification/certificate.json fingerprint_verification/independent.json | tee fingerprint_verification/independent.log
          for SPEC in 'private_cover test_private.py' 'moving_cover test_moving.py' 'saturated_handover test_saturated.py' 'slack_handover test_slack.py' 'handover_graph test_handover.py' 'anchored_release test_anchored.py' 'local_progress test_progress.py' 'capacity_gap test_capacity.py' 'saturated_transfer test_transfer.py' 'label_release test_release.py' 'footprint test_footprint.py' 'fixed_family test_fixed_family.py'; do
            read -r DIR PATTERN <<< "$SPEC"
            python3 -m unittest discover -s "$ROOT/$DIR" -p "$PATTERN" -v 2>&1 | tee "fingerprint_verification/inherited_$DIR.log"
          done
          printf 'scientific_sha=%s\nworkflow_sha=%s\n' "$GITHUB_SHA" "$GITHUB_SHA" > fingerprint_verification/provenance.txt
          cp "$ROOT/COUPLED_C3_FINGERPRINT_LOCK_RESULT.md" fingerprint_verification/frozen_proof_scope.md
          sha256sum fingerprint_verification/certificate.json.identities.jsonl.gz > fingerprint_verification/identities.sha256
          cp "$ROOT/fingerprint_lock/producer.py" "$ROOT/fingerprint_lock/independent.py" "$ROOT/fingerprint_lock/test_fingerprint.py" "$ROOT/fingerprint_lock/red.log" fingerprint_verification/
          sha256sum fingerprint_verification/certificate.json > fingerprint_verification/certificate.sha256
      - uses: actions/upload-artifact@v4
        if: always()
        with:
          name: c3-fingerprint-lock-verification
          path: fingerprint_verification/
  fresh-reproduction:
    needs: verification
    runs-on: ubuntu-latest
    timeout-minutes: 45
    steps:
      - uses: actions/checkout@v4
        with:
          path: research_snapshot
          persist-credentials: false
          sparse-checkout: ResearchHistory/UQCF-GEM/research/physical-bridge
      - uses: actions/download-artifact@v4
        with:
          name: c3-fingerprint-lock-verification
          path: fingerprint_fresh
      - name: Fresh complete producer and independent reconstruction
        shell: bash
        run: |
          set -euo pipefail
          test "$(git -C research_snapshot rev-parse HEAD)" = "$GITHUB_SHA"
          ROOT=research_snapshot/ResearchHistory/UQCF-GEM/research/physical-bridge
          python3 "$ROOT/fingerprint_lock/producer.py" /tmp/fresh.json
          cmp /tmp/fresh.json fingerprint_fresh/certificate.json
          cmp /tmp/fresh.json.identities.jsonl.gz fingerprint_fresh/certificate.json.identities.jsonl.gz
          python3 "$ROOT/fingerprint_lock/independent.py" /tmp/fresh.json fingerprint_fresh/fresh_independent.json
      - uses: actions/upload-artifact@v4
        if: always()
        with:
          name: c3-fingerprint-lock-fresh-reproduction
          path: fingerprint_fresh/
  mathematical-review:
    needs: fresh-reproduction
    runs-on: ubuntu-latest
    timeout-minutes: 15
    steps:
      - uses: actions/checkout@v4
        with:
          path: research_snapshot
          persist-credentials: false
          sparse-checkout: |
            ResearchHistory/UQCF-GEM/research/physical-bridge
            .github/scripts
      - uses: actions/download-artifact@v4
        with:
          name: c3-fingerprint-lock-fresh-reproduction
          path: fingerprint_verification
      - name: Adversarial Gemini mathematical review of exact event commit
        env:
          GEMINI_API_KEY: ${{ secrets.GEMINI_API_KEY }}
        run: python3 research_snapshot/.github/scripts/c3_fingerprint_lock_review.py
      - uses: actions/upload-artifact@v4
        if: always()
        with:
          name: c3-fingerprint-lock-mathematical-review
          path: fingerprint_lock_review/
  publication-audit:
    needs: mathematical-review
    runs-on: ubuntu-latest
    timeout-minutes: 45
    steps:
      - uses: actions/checkout@v4
        with:
          path: research_snapshot
          persist-credentials: false
          sparse-checkout: |
            ResearchHistory/UQCF-GEM/research/physical-bridge
            .github/scripts
      - uses: actions/download-artifact@v4
        with:
          name: c3-fingerprint-lock-fresh-reproduction
          path: fingerprint_verification
      - uses: actions/download-artifact@v4
        with:
          name: c3-fingerprint-lock-mathematical-review
          path: fingerprint_lock_review
      - name: Exact provenance and fresh independent publication gate
        shell: bash
        run: |
          set -euo pipefail
          test "$(git -C research_snapshot rev-parse HEAD)" = "$GITHUB_SHA"
          ROOT=research_snapshot/ResearchHistory/UQCF-GEM/research/physical-bridge
          python3 "$ROOT/fingerprint_lock/producer.py" /tmp/publication.json
          cmp /tmp/publication.json fingerprint_verification/certificate.json
          cmp /tmp/publication.json.identities.jsonl.gz fingerprint_verification/certificate.json.identities.jsonl.gz
          python3 "$ROOT/fingerprint_lock/independent.py" /tmp/publication.json /tmp/publication_independent.json
          python3 - <<'PY'
          import hashlib,json,os,pathlib
          manifest=json.loads(pathlib.Path('fingerprint_lock_review/manifest.json').read_text())
          assert manifest['research_commit']==manifest['workflow_commit']==os.environ['GITHUB_SHA']
          for name,digest in manifest['input_sha256'].items():
              path=pathlib.Path('fingerprint_verification')/name[9:] if name.startswith('EVIDENCE/') else pathlib.Path('research_snapshot/ResearchHistory/UQCF-GEM/research/physical-bridge')/name
              assert hashlib.sha256(path.read_bytes()).hexdigest()==digest,name
          raw=pathlib.Path('fingerprint_lock_review/review.txt').read_bytes()
          assert hashlib.sha256(raw).hexdigest()==manifest['response_sha256']
          expected=f"scientific_sha={os.environ['GITHUB_SHA']}\nworkflow_sha={os.environ['GITHUB_SHA']}\n"
          assert pathlib.Path('fingerprint_verification/provenance.txt').read_text()==expected
          gate={'status':'PASS','scientific_commit':os.environ['GITHUB_SHA'],'verified_review_inputs':len(manifest['input_sha256']),'certificate_reproduced_byte_exact':True,'independent_full_reconstruction':True,'response_sha256':manifest['response_sha256']}
          pathlib.Path('fingerprint_lock_gate.json').write_text(json.dumps(gate,indent=2)+'\n');print(json.dumps(gate))
          PY
      - name: Separate Gemini publication audit
        env:
          GEMINI_API_KEY: ${{ secrets.GEMINI_API_KEY }}
          REVIEW_PHASE: publication
        run: python3 research_snapshot/.github/scripts/c3_fingerprint_lock_review.py
      - uses: actions/upload-artifact@v4
        if: always()
        with:
          name: c3-fingerprint-lock-publication-audit
          path: |
            fingerprint_lock_publication/
            fingerprint_lock_gate.json
